
Microsoft Visual Studio Solution File, Format Version 12.00
# Visual Studio 15
VisualStudioVersion = 15.0.28307.421
MinimumVisualStudioVersion = 10.0.40219.1
Project("{FAE04EC0-301F-11D3-BF4B-00C04F79EFBC}") = "AzureApplication", "AzureApplication\AzureApplication.csproj", "{803C8A8C-2F49-4579-9621-3AC4419B7A48}"
EndProject
Global
	GlobalSection(SolutionConfigurationPlatforms) = preSolution
		Debug|Any CPU = Debug|Any CPU
		Release|Any CPU = Release|Any CPU
	EndGlobalSection
	GlobalSection(ProjectConfigurationPlatforms) = postSolution
		{803C8A8C-2F49-4579-9621-3AC4419B7A48}.Debug|Any CPU.ActiveCfg = Debug|Any CPU
		{803C8A8C-2F49-4579-9621-3AC4419B7A48}.Debug|Any CPU.Build.0 = Debug|Any CPU
		{803C8A8C-2F49-4579-9621-3AC4419B7A48}.Release|Any CPU.ActiveCfg = Release|Any CPU
		{803C8A8C-2F49-4579-9621-3AC4419B7A48}.Release|Any CPU.Build.0 = Release|Any CPU
	EndGlobalSection
	GlobalSection(SolutionProperties) = preSolution
		HideSolutionNode = FALSE
	EndGlobalSection
	GlobalSection(ExtensibilityGlobals) = postSolution
		SolutionGuid = {541650FD-096D-42CF-8F1A-BE2435DE4978}
	EndGlobalSection
EndGlobal
